
Microsoft Visual Studio Solution File, Format Version 12.00
# Visual Studio 15
VisualStudioVersion = 15.0.28010.2050
MinimumVisualStudioVersion = 10.0.40219.1
Project("{8BC9CEB8-8B4A-11D0-8D11-00A0C91BC942}") = "mumble-detector", "mumble-detector\mumble-detector.vcxproj", "{890853EB-B17F-4E95-89CE-13556653DE57}"
EndProject
Global
	GlobalSection(SolutionConfigurationPlatforms) = preSolution
		Debug|x64 = Debug|x64
		Debug|x86 = Debug|x86
		Release|x64 = Release|x64
		Release|x86 = Release|x86
	EndGlobalSection
	GlobalSection(ProjectConfigurationPlatforms) = postSolution
		{890853EB-B17F-4E95-89CE-13556653DE57}.Debug|x64.ActiveCfg = Debug|x64
		{890853EB-B17F-4E95-89CE-13556653DE57}.Debug|x64.Build.0 = Debug|x64
		{890853EB-B17F-4E95-89CE-13556653DE57}.Debug|x86.ActiveCfg = Debug|Win32
		{890853EB-B17F-4E95-89CE-13556653DE57}.Debug|x86.Build.0 = Debug|Win32
		{890853EB-B17F-4E95-89CE-13556653DE57}.Release|x64.ActiveCfg = Release|x64
		{890853EB-B17F-4E95-89CE-13556653DE57}.Release|x64.Build.0 = Release|x64
		{890853EB-B17F-4E95-89CE-13556653DE57}.Release|x86.ActiveCfg = Release|Win32
		{890853EB-B17F-4E95-89CE-13556653DE57}.Release|x86.Build.0 = Release|Win32
	EndGlobalSection
	GlobalSection(SolutionProperties) = preSolution
		HideSolutionNode = FALSE
	EndGlobalSection
	GlobalSection(ExtensibilityGlobals) = postSolution
		SolutionGuid = {4D578C5F-8573-499D-BE14-336D8FF1FFCD}
	EndGlobalSection
EndGlobal
